PODS:
  - Alamofire (4.8.0)
  - Cosmos (17.0.0)
  - PromiseKit (6.6.1):
    - PromiseKit/CorePromise (= 6.6.1)
    - PromiseKit/Foundation (= 6.6.1)
    - PromiseKit/UIKit (= 6.6.1)
  - PromiseKit/CorePromise (6.6.1)
  - PromiseKit/Foundation (6.6.1):
    - PromiseKit/CorePromise
  - PromiseKit/UIKit (6.6.1):
    - PromiseKit/CorePromise
  - Starscream (3.0.6)

DEPENDENCIES:
  - Alamofire
  - Cosmos
  - PromiseKit
  - Starscream (~> 3.0.6)

SPEC REPOS:
  https://github.com/cocoapods/specs.git:
    - Alamofire
    - Cosmos
    - PromiseKit
    - Starscream

SPEC CHECKSUMS:
  Alamofire: 3ec537f71edc9804815215393ae2b1a8ea33a844
  Cosmos: 309e489f21ffc91a1eeecfebef7f817cd2fcfba6
  PromiseKit: 3a6cc789400beda9b1c8a2e3dda64cb4d0a655b0
  Starscream: ef3ece99d765eeccb67de105bfa143f929026cf5

PODFILE CHECKSUM: 25c4813daa8f2f6087ad854374587060872edd88

COCOAPODS: 1.5.2
