// !$*UTF8*$!
{
	archiveVersion = 1;
	classes = {
	};
	objectVersion = 50;
	objects = {

/* Begin PBXBuildFile section */
		2BC0DB9F21B2F855003B3C05 /* LogHelper.swift in Sources */ = {isa = PBXBuildFile; fileRef = 2BC0DB9E21B2F855003B3C05 /* LogHelper.swift */; };
		2BC0DBA121B337EA003B3C05 /* RoomDetailTableViewController.swift in Sources */ = {isa = PBXBuildFile; fileRef = 2BC0DBA021B337EA003B3C05 /* RoomDetailTableViewController.swift */; };
		2BC0DBA521B69A96003B3C05 /* Communicator.swift in Sources */ = {isa = PBXBuildFile; fileRef = 2BC0DBA421B69A96003B3C05 /* Communicator.swift */; };
		AC6E9A0D66E7D6C1A52D9D21 /* Pods_iOS_Merchant.framework in Frameworks */ = {isa = PBXBuildFile; fileRef = 638D78772180BF194EDEE117 /* Pods_iOS_Merchant.framework */; };
		CD77EBF3219C77E2003EE5AE /* EventTableViewController.swift in Sources */ = {isa = PBXBuildFile; fileRef = CD77EBF2219C77E2003EE5AE /* EventTableViewController.swift */; };
		CD77EBF5219C77FF003EE5AE /* EventTableViewCell.swift in Sources */ = {isa = PBXBuildFile; fileRef = CD77EBF4219C77FF003EE5AE /* EventTableViewCell.swift */; };
		CD77EBF7219C781D003EE5AE /* Event.swift in Sources */ = {isa = PBXBuildFile; fileRef = CD77EBF6219C781C003EE5AE /* Event.swift */; };
		CD77EBF9219C7EDD003EE5AE /* Room.swift in Sources */ = {isa = PBXBuildFile; fileRef = CD77EBF8219C7EDD003EE5AE /* Room.swift */; };
		CD77EBFC219C7EFD003EE5AE /* RoomTableViewCell.swift in Sources */ = {isa = PBXBuildFile; fileRef = CD77EBFA219C7EFD003EE5AE /* RoomTableViewCell.swift */; };
		CD77EBFD219C7EFD003EE5AE /* RoomDetailTableViewCell.swift in Sources */ = {isa = PBXBuildFile; fileRef = CD77EBFB219C7EFD003EE5AE /* RoomDetailTableViewCell.swift */; };
		CD77EC02219C7F15003EE5AE /* RoomTableViewController.swift in Sources */ = {isa = PBXBuildFile; fileRef = CD77EBFF219C7F14003EE5AE /* RoomTableViewController.swift */; };
		CD77EC03219C7F15003EE5AE /* AddRoomTableViewController.swift in Sources */ = {isa = PBXBuildFile; fileRef = CD77EC00219C7F15003EE5AE /* AddRoomTableViewController.swift */; };
		D10E45B6216BB63700D0848F /* traffic.png in Resources */ = {isa = PBXBuildFile; fileRef = D10E45B5216BB63700D0848F /* traffic.png */; };
		D1103E48216C366E00B57132 /* CheckoutTableViewController.swift in Sources */ = {isa = PBXBuildFile; fileRef = D1103E47216C366E00B57132 /* CheckoutTableViewController.swift */; };
		D1103EA6216C761E00B57132 /* CheckoutTableViewCell.swift in Sources */ = {isa = PBXBuildFile; fileRef = D1103EA5216C761E00B57132 /* CheckoutTableViewCell.swift */; };
		D12463BE21644D9500190E42 /* AppDelegate.swift in Sources */ = {isa = PBXBuildFile; fileRef = D12463BD21644D9500190E42 /* AppDelegate.swift */; };
		D12463C021644D9500190E42 /* ViewController.swift in Sources */ = {isa = PBXBuildFile; fileRef = D12463BF21644D9500190E42 /* ViewController.swift */; };
		D12463C321644D9500190E42 /* Main.storyboard in Resources */ = {isa = PBXBuildFile; fileRef = D12463C121644D9500190E42 /* Main.storyboard */; };
		D12463C521644D9600190E42 /* Assets.xcassets in Resources */ = {isa = PBXBuildFile; fileRef = D12463C421644D9600190E42 /* Assets.xcassets */; };
		D12463C821644D9600190E42 /* LaunchScreen.storyboard in Resources */ = {isa = PBXBuildFile; fileRef = D12463C621644D9600190E42 /* LaunchScreen.storyboard */; };
		D16029D7216F4E83006D1BC1 /* Reservation.swift in Sources */ = {isa = PBXBuildFile; fileRef = D16029D6216F4E83006D1BC1 /* Reservation.swift */; };
		D186E3CB216B24D7004F864E /* room.png in Resources */ = {isa = PBXBuildFile; fileRef = D186E3CA216B24D7004F864E /* room.png */; };
		D186E3CD216B24E4004F864E /* checkout.png in Resources */ = {isa = PBXBuildFile; fileRef = D186E3CC216B24E4004F864E /* checkout.png */; };
		D18836E82167D2BD0051A041 /* ProfileViewController.swift in Sources */ = {isa = PBXBuildFile; fileRef = D18836E72167D2BD0051A041 /* ProfileViewController.swift */; };
		D1A9EF6C2180571800E0B9AD /* Employee.swift in Sources */ = {isa = PBXBuildFile; fileRef = D1A9EF6B2180571800E0B9AD /* Employee.swift */; };
		D1DE94FC217ABEB000B6CE63 /* employees.png in Resources */ = {isa = PBXBuildFile; fileRef = D1DE94FA217ABEB000B6CE63 /* employees.png */; };
		D1DE94FD217ABEB000B6CE63 /* edit.png in Resources */ = {isa = PBXBuildFile; fileRef = D1DE94FB217ABEB000B6CE63 /* edit.png */; };
		D1DE94FF217ABEEF00B6CE63 /* clean.png in Resources */ = {isa = PBXBuildFile; fileRef = D1DE94FE217ABEEF00B6CE63 /* clean.png */; };
		D1DE9501217AC00200B6CE63 /* food.png in Resources */ = {isa = PBXBuildFile; fileRef = D1DE9500217AC00200B6CE63 /* food.png */; };
		D1DE9503217AC10000B6CE63 /* event.png in Resources */ = {isa = PBXBuildFile; fileRef = D1DE9502217AC10000B6CE63 /* event.png */; };
		D1DE9505217AC13100B6CE63 /* Department.swift in Sources */ = {isa = PBXBuildFile; fileRef = D1DE9504217AC13100B6CE63 /* Department.swift */; };
		D1F1DDE22181ECD9007BFF1E /* OrderDetail.swift in Sources */ = {isa = PBXBuildFile; fileRef = D1F1DDE12181ECD9007BFF1E /* OrderDetail.swift */; };
		D1F1DDE421822346007BFF1E /* Common.swift in Sources */ = {isa = PBXBuildFile; fileRef = D1F1DDE321822346007BFF1E /* Common.swift */; };
/* End PBXBuildFile section */

/* Begin PBXFileReference section */
		2BC0DB9E21B2F855003B3C05 /* LogHelper.swift */ = {isa = PBXFileReference; lastKnownFileType = sourcecode.swift; path = LogHelper.swift; sourceTree = "<group>"; };
		2BC0DBA021B337EA003B3C05 /* RoomDetailTableViewController.swift */ = {isa = PBXFileReference; lastKnownFileType = sourcecode.swift; path = RoomDetailTableViewController.swift; sourceTree = "<group>"; };
		2BC0DBA421B69A96003B3C05 /* Communicator.swift */ = {isa = PBXFileReference; fileEncoding = 4; lastKnownFileType = sourcecode.swift; path = Communicator.swift; sourceTree = "<group>"; };
		638D78772180BF194EDEE117 /* Pods_iOS_Merchant.framework */ = {isa = PBXFileReference; explicitFileType = wrapper.framework; includeInIndex = 0; path = Pods_iOS_Merchant.framework; sourceTree = BUILT_PRODUCTS_DIR; };
		70BE82EFBAEBE35A5B0D8DED /* Pods-iOS-Merchant.debug.xcconfig */ = {isa = PBXFileReference; includeInIndex = 1; lastKnownFileType = text.xcconfig; name = "Pods-iOS-Merchant.debug.xcconfig"; path = "Pods/Target Support Files/Pods-iOS-Merchant/Pods-iOS-Merchant.debug.xcconfig"; sourceTree = "<group>"; };
		7A9BF6BC93FCE2AEEEC01533 /* Pods-iOS-Merchant.release.xcconfig */ = {isa = PBXFileReference; includeInIndex = 1; lastKnownFileType = text.xcconfig; name = "Pods-iOS-Merchant.release.xcconfig"; path = "Pods/Target Support Files/Pods-iOS-Merchant/Pods-iOS-Merchant.release.xcconfig"; sourceTree = "<group>"; };
		CD77EBF2219C77E2003EE5AE /* EventTableViewController.swift */ = {isa = PBXFileReference; fileEncoding = 4; lastKnownFileType = sourcecode.swift; path = EventTableViewController.swift; sourceTree = "<group>"; };
		CD77EBF4219C77FF003EE5AE /* EventTableViewCell.swift */ = {isa = PBXFileReference; fileEncoding = 4; lastKnownFileType = sourcecode.swift; path = EventTableViewCell.swift; sourceTree = "<group>"; };
		CD77EBF6219C781C003EE5AE /* Event.swift */ = {isa = PBXFileReference; fileEncoding = 4; lastKnownFileType = sourcecode.swift; path = Event.swift; sourceTree = "<group>"; };
		CD77EBF8219C7EDD003EE5AE /* Room.swift */ = {isa = PBXFileReference; fileEncoding = 4; lastKnownFileType = sourcecode.swift; path = Room.swift; sourceTree = "<group>"; };
		CD77EBFA219C7EFD003EE5AE /* RoomTableViewCell.swift */ = {isa = PBXFileReference; fileEncoding = 4; lastKnownFileType = sourcecode.swift; path = RoomTableViewCell.swift; sourceTree = "<group>"; };
		CD77EBFB219C7EFD003EE5AE /* RoomDetailTableViewCell.swift */ = {isa = PBXFileReference; fileEncoding = 4; lastKnownFileType = sourcecode.swift; path = RoomDetailTableViewCell.swift; sourceTree = "<group>"; };
		CD77EBFF219C7F14003EE5AE /* RoomTableViewController.swift */ = {isa = PBXFileReference; fileEncoding = 4; lastKnownFileType = sourcecode.swift; path = RoomTableViewController.swift; sourceTree = "<group>"; };
		CD77EC00219C7F15003EE5AE /* AddRoomTableViewController.swift */ = {isa = PBXFileReference; fileEncoding = 4; lastKnownFileType = sourcecode.swift; path = AddRoomTableViewController.swift; sourceTree = "<group>"; };
		D10E45B5216BB63700D0848F /* traffic.png */ = {isa = PBXFileReference; lastKnownFileType = image.png; path = traffic.png; sourceTree = "<group>"; };
		D1103E47216C366E00B57132 /* CheckoutTableViewController.swift */ = {isa = PBXFileReference; lastKnownFileType = sourcecode.swift; path = CheckoutTableViewController.swift; sourceTree = "<group>"; };
		D1103EA5216C761E00B57132 /* CheckoutTableViewCell.swift */ = {isa = PBXFileReference; lastKnownFileType = sourcecode.swift; path = CheckoutTableViewCell.swift; sourceTree = "<group>"; };
		D12463BA21644D9500190E42 /* iOS-Merchant.app */ = {isa = PBXFileReference; explicitFileType = wrapper.application; includeInIndex = 0; path = "iOS-Merchant.app"; sourceTree = BUILT_PRODUCTS_DIR; };
		D12463BD21644D9500190E42 /* AppDelegate.swift */ = {isa = PBXFileReference; lastKnownFileType = sourcecode.swift; path = AppDelegate.swift; sourceTree = "<group>"; };
		D12463BF21644D9500190E42 /* ViewController.swift */ = {isa = PBXFileReference; lastKnownFileType = sourcecode.swift; path = ViewController.swift; sourceTree = "<group>"; };
		D12463C221644D9500190E42 /* Base */ = {isa = PBXFileReference; lastKnownFileType = file.storyboard; name = Base; path = Base.lproj/Main.storyboard; sourceTree = "<group>"; };
		D12463C421644D9600190E42 /* Assets.xcassets */ = {isa = PBXFileReference; lastKnownFileType = folder.assetcatalog; path = Assets.xcassets; sourceTree = "<group>"; };
		D12463C721644D9600190E42 /* Base */ = {isa = PBXFileReference; lastKnownFileType = file.storyboard; name = Base; path = Base.lproj/LaunchScreen.storyboard; sourceTree = "<group>"; };
		D12463C921644D9600190E42 /* Info.plist */ = {isa = PBXFileReference; lastKnownFileType = text.plist.xml; path = Info.plist; sourceTree = "<group>"; };
		D16029D6216F4E83006D1BC1 /* Reservation.swift */ = {isa = PBXFileReference; lastKnownFileType = sourcecode.swift; path = Reservation.swift; sourceTree = "<group>"; };
		D186E3CA216B24D7004F864E /* room.png */ = {isa = PBXFileReference; lastKnownFileType = image.png; path = room.png; sourceTree = "<group>"; };
		D186E3CC216B24E4004F864E /* checkout.png */ = {isa = PBXFileReference; lastKnownFileType = image.png; path = checkout.png; sourceTree = "<group>"; };
		D18836E72167D2BD0051A041 /* ProfileViewController.swift */ = {isa = PBXFileReference; lastKnownFileType = sourcecode.swift; path = ProfileViewController.swift; sourceTree = "<group>"; };
		D1A9EF6B2180571800E0B9AD /* Employee.swift */ = {isa = PBXFileReference; lastKnownFileType = sourcecode.swift; path = Employee.swift; sourceTree = "<group>"; };
		D1DE94FA217ABEB000B6CE63 /* employees.png */ = {isa = PBXFileReference; lastKnownFileType = image.png; path = employees.png; sourceTree = "<group>"; };
		D1DE94FB217ABEB000B6CE63 /* edit.png */ = {isa = PBXFileReference; lastKnownFileType = image.png; path = edit.png; sourceTree = "<group>"; };
		D1DE94FE217ABEEF00B6CE63 /* clean.png */ = {isa = PBXFileReference; lastKnownFileType = image.png; path = clean.png; sourceTree = "<group>"; };
		D1DE9500217AC00200B6CE63 /* food.png */ = {isa = PBXFileReference; lastKnownFileType = image.png; path = food.png; sourceTree = "<group>"; };
		D1DE9502217AC10000B6CE63 /* event.png */ = {isa = PBXFileReference; lastKnownFileType = image.png; path = event.png; sourceTree = "<group>"; };
		D1DE9504217AC13100B6CE63 /* Department.swift */ = {isa = PBXFileReference; lastKnownFileType = sourcecode.swift; path = Department.swift; sourceTree = "<group>"; };
		D1F1DDE12181ECD9007BFF1E /* OrderDetail.swift */ = {isa = PBXFileReference; lastKnownFileType = sourcecode.swift; path = OrderDetail.swift; sourceTree = "<group>"; };
		D1F1DDE321822346007BFF1E /* Common.swift */ = {isa = PBXFileReference; lastKnownFileType = sourcecode.swift; path = Common.swift; sourceTree = "<group>"; };
/* End PBXFileReference section */

/* Begin PBXFrameworksBuildPhase section */
		D12463B721644D9500190E42 /* Frameworks */ = {
			isa = PBXFrameworksBuildPhase;
			buildActionMask = 2147483647;
			files = (
				AC6E9A0D66E7D6C1A52D9D21 /* Pods_iOS_Merchant.framework in Frameworks */,
			);
			runOnlyForDeploymentPostprocessing = 0;
		};
/* End PBXFrameworksBuildPhase section */

/* Begin PBXGroup section */
		037796716E544668C11F72D3 /* Frameworks */ = {
			isa = PBXGroup;
			children = (
				638D78772180BF194EDEE117 /* Pods_iOS_Merchant.framework */,
			);
			name = Frameworks;
			sourceTree = "<group>";
		};
		90205DC18A823712D68CE29A /* Pods */ = {
			isa = PBXGroup;
			children = (
				70BE82EFBAEBE35A5B0D8DED /* Pods-iOS-Merchant.debug.xcconfig */,
				7A9BF6BC93FCE2AEEEC01533 /* Pods-iOS-Merchant.release.xcconfig */,
			);
			name = Pods;
			sourceTree = "<group>";
		};
		D1103EA7216C762400B57132 /* View */ = {
			isa = PBXGroup;
			children = (
				CD77EBFB219C7EFD003EE5AE /* RoomDetailTableViewCell.swift */,
				CD77EBFA219C7EFD003EE5AE /* RoomTableViewCell.swift */,
				CD77EBF4219C77FF003EE5AE /* EventTableViewCell.swift */,
				D1103EA5216C761E00B57132 /* CheckoutTableViewCell.swift */,
			);
			path = View;
			sourceTree = "<group>";
		};
		D12463B121644D9500190E42 = {
			isa = PBXGroup;
			children = (
				D12463BC21644D9500190E42 /* iOS-Merchant */,
				D12463BB21644D9500190E42 /* Products */,
				90205DC18A823712D68CE29A /* Pods */,
				037796716E544668C11F72D3 /* Frameworks */,
			);
			sourceTree = "<group>";
		};
		D12463BB21644D9500190E42 /* Products */ = {
			isa = PBXGroup;
			children = (
				D12463BA21644D9500190E42 /* iOS-Merchant.app */,
			);
			name = Products;
			sourceTree = "<group>";
		};
		D12463BC21644D9500190E42 /* iOS-Merchant */ = {
			isa = PBXGroup;
			children = (
				D186E3CE216B24EC004F864E /* Image */,
				D1DE94F9217ABB5B00B6CE63 /* Model */,
				D1103EA7216C762400B57132 /* View */,
				D18836E62167D2920051A041 /* Controller */,
				D12463C121644D9500190E42 /* Main.storyboard */,
				D12463BD21644D9500190E42 /* AppDelegate.swift */,
				D12463C421644D9600190E42 /* Assets.xcassets */,
				D12463C621644D9600190E42 /* LaunchScreen.storyboard */,
				D12463C921644D9600190E42 /* Info.plist */,
			);
			path = "iOS-Merchant";
			sourceTree = "<group>";
		};
		D186E3CE216B24EC004F864E /* Image */ = {
			isa = PBXGroup;
			children = (
				D1DE9502217AC10000B6CE63 /* event.png */,
				D1DE9500217AC00200B6CE63 /* food.png */,
				D1DE94FE217ABEEF00B6CE63 /* clean.png */,
				D1DE94FB217ABEB000B6CE63 /* edit.png */,
				D1DE94FA217ABEB000B6CE63 /* employees.png */,
				D10E45B5216BB63700D0848F /* traffic.png */,
				D186E3CC216B24E4004F864E /* checkout.png */,
				D186E3CA216B24D7004F864E /* room.png */,
			);
			path = Image;
			sourceTree = "<group>";
		};
		D18836E62167D2920051A041 /* Controller */ = {
			isa = PBXGroup;
			children = (
				CD77EC00219C7F15003EE5AE /* AddRoomTableViewController.swift */,
				2BC0DBA021B337EA003B3C05 /* RoomDetailTableViewController.swift */,
				CD77EBFF219C7F14003EE5AE /* RoomTableViewController.swift */,
				CD77EBF2219C77E2003EE5AE /* EventTableViewController.swift */,
				D12463BF21644D9500190E42 /* ViewController.swift */,
				D18836E72167D2BD0051A041 /* ProfileViewController.swift */,
				D1103E47216C366E00B57132 /* CheckoutTableViewController.swift */,
			);
			path = Controller;
			sourceTree = "<group>";
		};
		D1DE94F9217ABB5B00B6CE63 /* Model */ = {
			isa = PBXGroup;
			children = (
				CD77EBF8219C7EDD003EE5AE /* Room.swift */,
				CD77EBF6219C781C003EE5AE /* Event.swift */,
				D16029D6216F4E83006D1BC1 /* Reservation.swift */,
				D1DE9504217AC13100B6CE63 /* Department.swift */,
				D1A9EF6B2180571800E0B9AD /* Employee.swift */,
				D1F1DDE12181ECD9007BFF1E /* OrderDetail.swift */,
				D1F1DDE321822346007BFF1E /* Common.swift */,
				2BC0DBA421B69A96003B3C05 /* Communicator.swift */,
				2BC0DB9E21B2F855003B3C05 /* LogHelper.swift */,
			);
			path = Model;
			sourceTree = "<group>";
		};
/* End PBXGroup section */

/* Begin PBXNativeTarget section */
		D12463B921644D9500190E42 /* iOS-Merchant */ = {
			isa = PBXNativeTarget;
			buildConfigurationList = D12463CC21644D9600190E42 /* Build configuration list for PBXNativeTarget "iOS-Merchant" */;
			buildPhases = (
				8E5DBFB3D59D1EA39B088B80 /* [CP] Check Pods Manifest.lock */,
				D12463B621644D9500190E42 /* Sources */,
				D12463B721644D9500190E42 /* Frameworks */,
				D12463B821644D9500190E42 /* Resources */,
				6C3298F74FA1AC3DBFEBCEF6 /* [CP] Embed Pods Frameworks */,
			);
			buildRules = (
			);
			dependencies = (
			);
			name = "iOS-Merchant";
			productName = "iOS-Merchant";
			productReference = D12463BA21644D9500190E42 /* iOS-Merchant.app */;
			productType = "com.apple.product-type.application";
		};
/* End PBXNativeTarget section */

/* Begin PBXProject section */
		D12463B221644D9500190E42 /* Project object */ = {
			isa = PBXProject;
			attributes = {
				LastSwiftUpdateCheck = 1000;
				LastUpgradeCheck = 1000;
				ORGANIZATIONNAME = "Hsin Hwang";
				TargetAttributes = {
					D12463B921644D9500190E42 = {
						CreatedOnToolsVersion = 10.0;
					};
				};
			};
			buildConfigurationList = D12463B521644D9500190E42 /* Build configuration list for PBXProject "iOS-Merchant" */;
			compatibilityVersion = "Xcode 9.3";
			developmentRegion = en;
			hasScannedForEncodings = 0;
			knownRegions = (
				en,
				Base,
			);
			mainGroup = D12463B121644D9500190E42;
			productRefGroup = D12463BB21644D9500190E42 /* Products */;
			projectDirPath = "";
			projectRoot = "";
			targets = (
				D12463B921644D9500190E42 /* iOS-Merchant */,
			);
		};
/* End PBXProject section */

/* Begin PBXResourcesBuildPhase section */
		D12463B821644D9500190E42 /* Resources */ = {
			isa = PBXResourcesBuildPhase;
			buildActionMask = 2147483647;
			files = (
				D1DE94FF217ABEEF00B6CE63 /* clean.png in Resources */,
				D1DE9501217AC00200B6CE63 /* food.png in Resources */,
				D186E3CD216B24E4004F864E /* checkout.png in Resources */,
				D1DE94FD217ABEB000B6CE63 /* edit.png in Resources */,
				D186E3CB216B24D7004F864E /* room.png in Resources */,
				D12463C821644D9600190E42 /* LaunchScreen.storyboard in Resources */,
				D12463C521644D9600190E42 /* Assets.xcassets in Resources */,
				D12463C321644D9500190E42 /* Main.storyboard in Resources */,
				D1DE94FC217ABEB000B6CE63 /* employees.png in Resources */,
				D1DE9503217AC10000B6CE63 /* event.png in Resources */,
				D10E45B6216BB63700D0848F /* traffic.png in Resources */,
			);
			runOnlyForDeploymentPostprocessing = 0;
		};
/* End PBXResourcesBuildPhase section */

/* Begin PBXShellScriptBuildPhase section */
		6C3298F74FA1AC3DBFEBCEF6 /* [CP] Embed Pods Frameworks */ = {
			isa = PBXShellScriptBuildPhase;
			buildActionMask = 2147483647;
			files = (
			);
			inputPaths = (
				"${SRCROOT}/Pods/Target Support Files/Pods-iOS-Merchant/Pods-iOS-Merchant-frameworks.sh",
				"${BUILT_PRODUCTS_DIR}/Alamofire/Alamofire.framework",
				"${BUILT_PRODUCTS_DIR}/PromiseKit/PromiseKit.framework",
			);
			name = "[CP] Embed Pods Frameworks";
			outputPaths = (
				"${TARGET_BUILD_DIR}/${FRAMEWORKS_FOLDER_PATH}/Alamofire.framework",
				"${TARGET_BUILD_DIR}/${FRAMEWORKS_FOLDER_PATH}/PromiseKit.framework",
			);
			runOnlyForDeploymentPostprocessing = 0;
			shellPath = /bin/sh;
			shellScript = "\"${SRCROOT}/Pods/Target Support Files/Pods-iOS-Merchant/Pods-iOS-Merchant-frameworks.sh\"\n";
			showEnvVarsInLog = 0;
		};
		8E5DBFB3D59D1EA39B088B80 /* [CP] Check Pods Manifest.lock */ = {
			isa = PBXShellScriptBuildPhase;
			buildActionMask = 2147483647;
			files = (
			);
			inputPaths = (
				"${PODS_PODFILE_DIR_PATH}/Podfile.lock",
				"${PODS_ROOT}/Manifest.lock",
			);
			name = "[CP] Check Pods Manifest.lock";
			outputPaths = (
				"$(DERIVED_FILE_DIR)/Pods-iOS-Merchant-checkManifestLockResult.txt",
			);
			runOnlyForDeploymentPostprocessing = 0;
			shellPath = /bin/sh;
			shellScript = "diff \"${PODS_PODFILE_DIR_PATH}/Podfile.lock\" \"${PODS_ROOT}/Manifest.lock\" > /dev/null\nif [ $? != 0 ] ; then\n    # print error to STDERR\n    echo \"error: The sandbox is not in sync with the Podfile.lock. Run 'pod install' or update your CocoaPods installation.\" >&2\n    exit 1\nfi\n# This output is used by Xcode 'outputs' to avoid re-running this script phase.\necho \"SUCCESS\" > \"${SCRIPT_OUTPUT_FILE_0}\"\n";
			showEnvVarsInLog = 0;
		};
/* End PBXShellScriptBuildPhase section */

/* Begin PBXSourcesBuildPhase section */
		D12463B621644D9500190E42 /* Sources */ = {
			isa = PBXSourcesBuildPhase;
			buildActionMask = 2147483647;
			files = (
				2BC0DBA521B69A96003B3C05 /* Communicator.swift in Sources */,
				CD77EBF5219C77FF003EE5AE /* EventTableViewCell.swift in Sources */,
				CD77EC03219C7F15003EE5AE /* AddRoomTableViewController.swift in Sources */,
				CD77EBF3219C77E2003EE5AE /* EventTableViewController.swift in Sources */,
				CD77EBF9219C7EDD003EE5AE /* Room.swift in Sources */,
				D18836E82167D2BD0051A041 /* ProfileViewController.swift in Sources */,
				D1A9EF6C2180571800E0B9AD /* Employee.swift in Sources */,
				CD77EC02219C7F15003EE5AE /* RoomTableViewController.swift in Sources */,
				D1DE9505217AC13100B6CE63 /* Department.swift in Sources */,
				CD77EBFC219C7EFD003EE5AE /* RoomTableViewCell.swift in Sources */,
				D12463C021644D9500190E42 /* ViewController.swift in Sources */,
				D12463BE21644D9500190E42 /* AppDelegate.swift in Sources */,
				D1103EA6216C761E00B57132 /* CheckoutTableViewCell.swift in Sources */,
				2BC0DBA121B337EA003B3C05 /* RoomDetailTableViewController.swift in Sources */,
				D16029D7216F4E83006D1BC1 /* Reservation.swift in Sources */,
				CD77EBFD219C7EFD003EE5AE /* RoomDetailTableViewCell.swift in Sources */,
				D1F1DDE22181ECD9007BFF1E /* OrderDetail.swift in Sources */,
				2BC0DB9F21B2F855003B3C05 /* LogHelper.swift in Sources */,
				D1F1DDE421822346007BFF1E /* Common.swift in Sources */,
				D1103E48216C366E00B57132 /* CheckoutTableViewController.swift in Sources */,
				CD77EBF7219C781D003EE5AE /* Event.swift in Sources */,
			);
			runOnlyForDeploymentPostprocessing = 0;
		};
/* End PBXSourcesBuildPhase section */

/* Begin PBXVariantGroup section */
		D12463C121644D9500190E42 /* Main.storyboard */ = {
			isa = PBXVariantGroup;
			children = (
				D12463C221644D9500190E42 /* Base */,
			);
			name = Main.storyboard;
			sourceTree = "<group>";
		};
		D12463C621644D9600190E42 /* LaunchScreen.storyboard */ = {
			isa = PBXVariantGroup;
			children = (
				D12463C721644D9600190E42 /* Base */,
			);
			name = LaunchScreen.storyboard;
			sourceTree = "<group>";
		};
/* End PBXVariantGroup section */

/* Begin XCBuildConfiguration section */
		D12463CA21644D9600190E42 /* Debug */ = {
			isa = XCBuildConfiguration;
			buildSettings = {
				ALWAYS_SEARCH_USER_PATHS = NO;
				CLANG_ANALYZER_NONNULL = YES;
				CLANG_ANALYZER_NUMBER_OBJECT_CONVERSION = YES_AGGRESSIVE;
				CLANG_CXX_LANGUAGE_STANDARD = "gnu++14";
				CLANG_CXX_LIBRARY = "libc++";
				CLANG_ENABLE_MODULES = YES;
				CLANG_ENABLE_OBJC_ARC = YES;
				CLANG_ENABLE_OBJC_WEAK = YES;
				CLANG_WARN_BLOCK_CAPTURE_AUTORELEASING = YES;
				CLANG_WARN_BOOL_CONVERSION = YES;
				CLANG_WARN_COMMA = YES;
				CLANG_WARN_CONSTANT_CONVERSION = YES;
				CLANG_WARN_DEPRECATED_OBJC_IMPLEMENTATIONS = YES;
				CLANG_WARN_DIRECT_OBJC_ISA_USAGE = YES_ERROR;
				CLANG_WARN_DOCUMENTATION_COMMENTS = YES;
				CLANG_WARN_EMPTY_BODY = YES;
				CLANG_WARN_ENUM_CONVERSION = YES;
				CLANG_WARN_INFINITE_RECURSION = YES;
				CLANG_WARN_INT_CONVERSION = YES;
				CLANG_WARN_NON_LITERAL_NULL_CONVERSION = YES;
				CLANG_WARN_OBJC_IMPLICIT_RETAIN_SELF = YES;
				CLANG_WARN_OBJC_LITERAL_CONVERSION = YES;
				CLANG_WARN_OBJC_ROOT_CLASS = YES_ERROR;
				CLANG_WARN_RANGE_LOOP_ANALYSIS = YES;
				CLANG_WARN_STRICT_PROTOTYPES = YES;
				CLANG_WARN_SUSPICIOUS_MOVE = YES;
				CLANG_WARN_UNGUARDED_AVAILABILITY = YES_AGGRESSIVE;
				CLANG_WARN_UNREACHABLE_CODE = YES;
				CLANG_WARN__DUPLICATE_METHOD_MATCH = YES;
				CODE_SIGN_IDENTITY = "iPhone Developer";
				COPY_PHASE_STRIP = NO;
				DEBUG_INFORMATION_FORMAT = dwarf;
				ENABLE_STRICT_OBJC_MSGSEND = YES;
				ENABLE_TESTABILITY = YES;
				GCC_C_LANGUAGE_STANDARD = gnu11;
				GCC_DYNAMIC_NO_PIC = NO;
				GCC_NO_COMMON_BLOCKS = YES;
				GCC_OPTIMIZATION_LEVEL = 0;
				GCC_PREPROCESSOR_DEFINITIONS = (
					"DEBUG=1",
					"$(inherited)",
				);
				GCC_WARN_64_TO_32_BIT_CONVERSION = YES;
				GCC_WARN_ABOUT_RETURN_TYPE = YES_ERROR;
				GCC_WARN_UNDECLARED_SELECTOR = YES;
				GCC_WARN_UNINITIALIZED_AUTOS = YES_AGGRESSIVE;
				GCC_WARN_UNUSED_FUNCTION = YES;
				GCC_WARN_UNUSED_VARIABLE = YES;
				IPHONEOS_DEPLOYMENT_TARGET = 12.0;
				MTL_ENABLE_DEBUG_INFO = INCLUDE_SOURCE;
				MTL_FAST_MATH = YES;
				ONLY_ACTIVE_ARCH = YES;
				SDKROOT = iphoneos;
				SWIFT_ACTIVE_COMPILATION_CONDITIONS = DEBUG;
				SWIFT_OPTIMIZATION_LEVEL = "-Onone";
			};
			name = Debug;
		};
		D12463CB21644D9600190E42 /* Release */ = {
			isa = XCBuildConfiguration;
			buildSettings = {
				ALWAYS_SEARCH_USER_PATHS = NO;
				CLANG_ANALYZER_NONNULL = YES;
				CLANG_ANALYZER_NUMBER_OBJECT_CONVERSION = YES_AGGRESSIVE;
				CLANG_CXX_LANGUAGE_STANDARD = "gnu++14";
				CLANG_CXX_LIBRARY = "libc++";
				CLANG_ENABLE_MODULES = YES;
				CLANG_ENABLE_OBJC_ARC = YES;
				CLANG_ENABLE_OBJC_WEAK = YES;
				CLANG_WARN_BLOCK_CAPTURE_AUTORELEASING = YES;
				CLANG_WARN_BOOL_CONVERSION = YES;
				CLANG_WARN_COMMA = YES;
				CLANG_WARN_CONSTANT_CONVERSION = YES;
				CLANG_WARN_DEPRECATED_OBJC_IMPLEMENTATIONS = YES;
				CLANG_WARN_DIRECT_OBJC_ISA_USAGE = YES_ERROR;
				CLANG_WARN_DOCUMENTATION_COMMENTS = YES;
				CLANG_WARN_EMPTY_BODY = YES;
				CLANG_WARN_ENUM_CONVERSION = YES;
				CLANG_WARN_INFINITE_RECURSION = YES;
				CLANG_WARN_INT_CONVERSION = YES;
				CLANG_WARN_NON_LITERAL_NULL_CONVERSION = YES;
				CLANG_WARN_OBJC_IMPLICIT_RETAIN_SELF = YES;
				CLANG_WARN_OBJC_LITERAL_CONVERSION = YES;
				CLANG_WARN_OBJC_ROOT_CLASS = YES_ERROR;
				CLANG_WARN_RANGE_LOOP_ANALYSIS = YES;
				CLANG_WARN_STRICT_PROTOTYPES = YES;
				CLANG_WARN_SUSPICIOUS_MOVE = YES;
				CLANG_WARN_UNGUARDED_AVAILABILITY = YES_AGGRESSIVE;
				CLANG_WARN_UNREACHABLE_CODE = YES;
				CLANG_WARN__DUPLICATE_METHOD_MATCH = YES;
				CODE_SIGN_IDENTITY = "iPhone Developer";
				COPY_PHASE_STRIP = NO;
				DEBUG_INFORMATION_FORMAT = "dwarf-with-dsym";
				ENABLE_NS_ASSERTIONS = NO;
				ENABLE_STRICT_OBJC_MSGSEND = YES;
				GCC_C_LANGUAGE_STANDARD = gnu11;
				GCC_NO_COMMON_BLOCKS = YES;
				GCC_WARN_64_TO_32_BIT_CONVERSION = YES;
				GCC_WARN_ABOUT_RETURN_TYPE = YES_ERROR;
				GCC_WARN_UNDECLARED_SELECTOR = YES;
				GCC_WARN_UNINITIALIZED_AUTOS = YES_AGGRESSIVE;
				GCC_WARN_UNUSED_FUNCTION = YES;
				GCC_WARN_UNUSED_VARIABLE = YES;
				IPHONEOS_DEPLOYMENT_TARGET = 12.0;
				MTL_ENABLE_DEBUG_INFO = NO;
				MTL_FAST_MATH = YES;
				SDKROOT = iphoneos;
				SWIFT_COMPILATION_MODE = wholemodule;
				SWIFT_OPTIMIZATION_LEVEL = "-O";
				VALIDATE_PRODUCT = YES;
			};
			name = Release;
		};
		D12463CD21644D9600190E42 /* Debug */ = {
			isa = XCBuildConfiguration;
			baseConfigurationReference = 70BE82EFBAEBE35A5B0D8DED /* Pods-iOS-Merchant.debug.xcconfig */;
			buildSettings = {
				ASSETCATALOG_COMPILER_APPICON_NAME = AppIcon;
				CODE_SIGN_STYLE = Automatic;
				DEVELOPMENT_TEAM = U963G6UMBK;
				INFOPLIST_FILE = "iOS-Merchant/Info.plist";
				LD_RUNPATH_SEARCH_PATHS = (
					"$(inherited)",
					"@executable_path/Frameworks",
				);
				PRODUCT_BUNDLE_IDENTIFIER = "hwanghsin.iOS-Merchant";
				PRODUCT_NAME = "$(TARGET_NAME)";
				SWIFT_VERSION = 4.2;
				TARGETED_DEVICE_FAMILY = "1,2";
			};
			name = Debug;
		};
		D12463CE21644D9600190E42 /* Release */ = {
			isa = XCBuildConfiguration;
			baseConfigurationReference = 7A9BF6BC93FCE2AEEEC01533 /* Pods-iOS-Merchant.release.xcconfig */;
			buildSettings = {
				ASSETCATALOG_COMPILER_APPICON_NAME = AppIcon;
				CODE_SIGN_STYLE = Automatic;
				DEVELOPMENT_TEAM = U963G6UMBK;
				INFOPLIST_FILE = "iOS-Merchant/Info.plist";
				LD_RUNPATH_SEARCH_PATHS = (
					"$(inherited)",
					"@executable_path/Frameworks",
				);
				PRODUCT_BUNDLE_IDENTIFIER = "hwanghsin.iOS-Merchant";
				PRODUCT_NAME = "$(TARGET_NAME)";
				SWIFT_VERSION = 4.2;
				TARGETED_DEVICE_FAMILY = "1,2";
			};
			name = Release;
		};
/* End XCBuildConfiguration section */

/* Begin XCConfigurationList section */
		D12463B521644D9500190E42 /* Build configuration list for PBXProject "iOS-Merchant" */ = {
			isa = XCConfigurationList;
			buildConfigurations = (
				D12463CA21644D9600190E42 /* Debug */,
				D12463CB21644D9600190E42 /* Release */,
			);
			defaultConfigurationIsVisible = 0;
			defaultConfigurationName = Release;
		};
		D12463CC21644D9600190E42 /* Build configuration list for PBXNativeTarget "iOS-Merchant" */ = {
			isa = XCConfigurationList;
			buildConfigurations = (
				D12463CD21644D9600190E42 /* Debug */,
				D12463CE21644D9600190E42 /* Release */,
			);
			defaultConfigurationIsVisible = 0;
			defaultConfigurationName = Release;
		};
/* End XCConfigurationList section */
	};
	rootObject = D12463B221644D9500190E42 /* Project object */;
}
